
Microsoft Visual Studio Solution File, Format Version 12.00
# Visual Studio 15
VisualStudioVersion = 15.0.28307.271
MinimumVisualStudioVersion = 10.0.40219.1
Project("{FAE04EC0-301F-11D3-BF4B-00C04F79EFBC}") = "SeaAPI", "SeaAPI\SeaAPI.csproj", "{EE62B64B-07AB-4482-B291-3F85D513CE69}"
EndProject
Global
	GlobalSection(SolutionConfigurationPlatforms) = preSolution
		Debug|Any CPU = Debug|Any CPU
		Release|Any CPU = Release|Any CPU
	EndGlobalSection
	GlobalSection(ProjectConfigurationPlatforms) = postSolution
		{EE62B64B-07AB-4482-B291-3F85D513CE69}.Debug|Any CPU.ActiveCfg = Debug|Any CPU
		{EE62B64B-07AB-4482-B291-3F85D513CE69}.Debug|Any CPU.Build.0 = Debug|Any CPU
		{EE62B64B-07AB-4482-B291-3F85D513CE69}.Release|Any CPU.ActiveCfg = Release|Any CPU
		{EE62B64B-07AB-4482-B291-3F85D513CE69}.Release|Any CPU.Build.0 = Release|Any CPU
	EndGlobalSection
	GlobalSection(SolutionProperties) = preSolution
		HideSolutionNode = FALSE
	EndGlobalSection
	GlobalSection(ExtensibilityGlobals) = postSolution
		SolutionGuid = {48B7C0A6-0481-477E-9DED-519A795CF35E}
	EndGlobalSection
EndGlobal
